
Microsoft Visual Studio Solution File, Format Version 12.00
# Visual Studio Version 17
VisualStudioVersion = 17.0.32112.339
MinimumVisualStudioVersion = 10.0.40219.1
Project("{9A19103F-16F7-4668-BE54-9A1E7A4F7556}") = "BloodDonation application", "BloodDonation application\BloodDonation application.csproj", "{9B07B903-0E41-4CEF-9C53-5EC77A51FFC7}"
EndProject
Project("{9A19103F-16F7-4668-BE54-9A1E7A4F7556}") = "bloodbond_app", "..\bloodbond_app\bloodbond_app\bloodbond_app.csproj", "{BEE024D8-857A-408F-AF3C-115472722FA8}"
EndProject
Project("{FAE04EC0-301F-11D3-BF4B-00C04F79EFBC}") = "WindowsFormsApp2", "..\Bloood\WindowsFormsApp2\WindowsFormsApp2.csproj", "{3004288C-0D11-42EF-B240-535687C97003}"
EndProject
Global
	GlobalSection(SolutionConfigurationPlatforms) = preSolution
		Debug|Any CPU = Debug|Any CPU
		Release|Any CPU = Release|Any CPU
	EndGlobalSection
	GlobalSection(ProjectConfigurationPlatforms) = postSolution
		{9B07B903-0E41-4CEF-9C53-5EC77A51FFC7}.Debug|Any CPU.ActiveCfg = Debug|Any CPU
		{9B07B903-0E41-4CEF-9C53-5EC77A51FFC7}.Debug|Any CPU.Build.0 = Debug|Any CPU
		{9B07B903-0E41-4CEF-9C53-5EC77A51FFC7}.Release|Any CPU.ActiveCfg = Release|Any CPU
		{9B07B903-0E41-4CEF-9C53-5EC77A51FFC7}.Release|Any CPU.Build.0 = Release|Any CPU
		{BEE024D8-857A-408F-AF3C-115472722FA8}.Debug|Any CPU.ActiveCfg = Debug|Any CPU
		{BEE024D8-857A-408F-AF3C-115472722FA8}.Debug|Any CPU.Build.0 = Debug|Any CPU
		{BEE024D8-857A-408F-AF3C-115472722FA8}.Release|Any CPU.ActiveCfg = Release|Any CPU
		{BEE024D8-857A-408F-AF3C-115472722FA8}.Release|Any CPU.Build.0 = Release|Any CPU
		{3004288C-0D11-42EF-B240-535687C97003}.Debug|Any CPU.ActiveCfg = Debug|Any CPU
		{3004288C-0D11-42EF-B240-535687C97003}.Debug|Any CPU.Build.0 = Debug|Any CPU
		{3004288C-0D11-42EF-B240-535687C97003}.Release|Any CPU.ActiveCfg = Release|Any CPU
		{3004288C-0D11-42EF-B240-535687C97003}.Release|Any CPU.Build.0 = Release|Any CPU
	EndGlobalSection
	GlobalSection(SolutionProperties) = preSolution
		HideSolutionNode = FALSE
	EndGlobalSection
	GlobalSection(ExtensibilityGlobals) = postSolution
		SolutionGuid = {FCB48999-13E5-4218-BF18-D3CED128A35D}
	EndGlobalSection
EndGlobal
